
Microsoft Visual Studio Solution File, Format Version 12.00
# Visual Studio Version 17
VisualStudioVersion = 17.3.32825.248
MinimumVisualStudioVersion = 10.0.40219.1
Project("{8BC9CEB8-8B4A-11D0-8D11-00A0C91BC942}") = "수업_국형준", "수업_국형준\수업_국형준.vcxproj", "{BBA35409-2222-4D23-AE5C-9F1DFEB4242B}"
EndProject
Global
	GlobalSection(SolutionConfigurationPlatforms) = preSolution
		Debug|x64 = Debug|x64
		Debug|x86 = Debug|x86
		Release|x64 = Release|x64
		Release|x86 = Release|x86
	EndGlobalSection
	GlobalSection(ProjectConfigurationPlatforms) = postSolution
		{BBA35409-2222-4D23-AE5C-9F1DFEB4242B}.Debug|x64.ActiveCfg = Debug|x64
		{BBA35409-2222-4D23-AE5C-9F1DFEB4242B}.Debug|x64.Build.0 = Debug|x64
		{BBA35409-2222-4D23-AE5C-9F1DFEB4242B}.Debug|x86.ActiveCfg = Debug|Win32
		{BBA35409-2222-4D23-AE5C-9F1DFEB4242B}.Debug|x86.Build.0 = Debug|Win32
		{BBA35409-2222-4D23-AE5C-9F1DFEB4242B}.Release|x64.ActiveCfg = Release|x64
		{BBA35409-2222-4D23-AE5C-9F1DFEB4242B}.Release|x64.Build.0 = Release|x64
		{BBA35409-2222-4D23-AE5C-9F1DFEB4242B}.Release|x86.ActiveCfg = Release|Win32
		{BBA35409-2222-4D23-AE5C-9F1DFEB4242B}.Release|x86.Build.0 = Release|Win32
	EndGlobalSection
	GlobalSection(SolutionProperties) = preSolution
		HideSolutionNode = FALSE
	EndGlobalSection
	GlobalSection(ExtensibilityGlobals) = postSolution
		SolutionGuid = {85E77CE6-16D5-4C3C-9876-C7EF99248A0D}
	EndGlobalSection
EndGlobal
