
Microsoft Visual Studio Solution File, Format Version 12.00
# Visual Studio Version 17
VisualStudioVersion = 17.3.32825.248
MinimumVisualStudioVersion = 10.0.40219.1
Project("{8BC9CEB8-8B4A-11D0-8D11-00A0C91BC942}") = "first", "first\first.vcxproj", "{400D0B85-976B-413F-B5B7-032592760353}"
EndProject
Global
	GlobalSection(SolutionConfigurationPlatforms) = preSolution
		Debug|x64 = Debug|x64
		Debug|x86 = Debug|x86
		Release|x64 = Release|x64
		Release|x86 = Release|x86
	EndGlobalSection
	GlobalSection(ProjectConfigurationPlatforms) = postSolution
		{400D0B85-976B-413F-B5B7-032592760353}.Debug|x64.ActiveCfg = Debug|x64
		{400D0B85-976B-413F-B5B7-032592760353}.Debug|x64.Build.0 = Debug|x64
		{400D0B85-976B-413F-B5B7-032592760353}.Debug|x86.ActiveCfg = Debug|Win32
		{400D0B85-976B-413F-B5B7-032592760353}.Debug|x86.Build.0 = Debug|Win32
		{400D0B85-976B-413F-B5B7-032592760353}.Release|x64.ActiveCfg = Release|x64
		{400D0B85-976B-413F-B5B7-032592760353}.Release|x64.Build.0 = Release|x64
		{400D0B85-976B-413F-B5B7-032592760353}.Release|x86.ActiveCfg = Release|Win32
		{400D0B85-976B-413F-B5B7-032592760353}.Release|x86.Build.0 = Release|Win32
	EndGlobalSection
	GlobalSection(SolutionProperties) = preSolution
		HideSolutionNode = FALSE
	EndGlobalSection
	GlobalSection(ExtensibilityGlobals) = postSolution
		SolutionGuid = {2A9B0AC6-0F47-4042-8DAC-80502B33530C}
	EndGlobalSection
EndGlobal
